lockfileVersion: 5.3

specifiers:
  dayjs: ^1.11.1
  pinia: ^2.0.13
  qs: ^6.10.3

dependencies:
  dayjs: 1.11.1
  pinia: 2.0.13
  qs: 6.10.3

packages:

  /@vue/devtools-api/6.1.4:
    resolution: {integrity: sha512-IiA0SvDrJEgXvVxjNkHPFfDx6SXw0b/TUkqMcDZWNg9fnCAHbTpoo59YfJ9QLFkwa3raau5vSlRVzMSLDnfdtQ==}
    dev: false

  /call-bind/1.0.2:
    resolution: {integrity: sha512-7O+FbCihrB5WGbFYesctwmTKae6rOiIzmz1icreWJ+0aA7LJfuqhEso2T9ncpcFtzMQtzXf2QGGueWJGTYsqrA==}
    dependencies:
      function-bind: 1.1.1
      get-intrinsic: 1.1.1
    dev: false

  /dayjs/1.11.1:
    resolution: {integrity: sha512-ER7EjqVAMkRRsxNCC5YqJ9d9VQYuWdGt7aiH2qA5R5wt8ZmWaP2dLUSIK6y/kVzLMlmh1Tvu5xUf4M/wdGJ5KA==}
    dev: false

  /function-bind/1.1.1:
    resolution: {integrity: sha512-yIovAzMX49sF8Yl58fSCWJ5svSLuaibPxXQJFLmBObTuCr0Mf1KiPopGM9NiFjiYBCbfaa2Fh6breQ6ANVTI0A==}
    dev: false

  /get-intrinsic/1.1.1:
    resolution: {integrity: sha512-kWZrnVM42QCiEA2Ig1bG8zjoIMOgxWwYCEeNdwY6Tv/cOSeGpcoX4pXHfKUxNKVoArnrEr2e9srnAxxGIraS9Q==}
    dependencies:
      function-bind: 1.1.1
      has: 1.0.3
      has-symbols: 1.0.3
    dev: false

  /has-symbols/1.0.3:
    resolution: {integrity: sha512-l3LCuF6MgDNwTDKkdYGEihYjt5pRPbEg46rtlmnSPlUbgmB8LOIrKJbYYFBSbnPaJexMKtiPO8hmeRjRz2Td+A==}
    engines: {node: '>= 0.4'}
    dev: false

  /has/1.0.3:
    resolution: {integrity: sha512-f2dvO0VU6Oej7RkWJGrehjbzMAjFp5/VKPp5tTpWIV4JHHZK1/BxbFRtf/siA2SWTe09caDmVtYYzWEIbBS4zw==}
    engines: {node: '>= 0.4.0'}
    dependencies:
      function-bind: 1.1.1
    dev: false

  /object-inspect/1.12.0:
    resolution: {integrity: sha512-Ho2z80bVIvJloH+YzRmpZVQe87+qASmBUKZDWgx9cu+KDrX2ZDH/3tMy+gXbZETVGs2M8YdxObOh7XAtim9Y0g==}
    dev: false

  /pinia/2.0.13:
    resolution: {integrity: sha512-B7rSqm1xNpwcPMnqns8/gVBfbbi7lWTByzS6aPZ4JOXSJD4Y531rZHDCoYWBwLyHY/8hWnXljgiXp6rRyrofcw==}
    peerDependencies:
      '@vue/composition-api': ^1.4.0
      typescript: '>=4.4.4'
      vue: ^2.6.14 || ^3.2.0
    peerDependenciesMeta:
      '@vue/composition-api':
        optional: true
      typescript:
        optional: true
    dependencies:
      '@vue/devtools-api': 6.1.4
      vue-demi: 0.12.5
    dev: false

  /qs/6.10.3:
    resolution: {integrity: sha512-wr7M2E0OFRfIfJZjKGieI8lBKb7fRCH4Fv5KNPEs7gJ8jadvotdsS08PzOKR7opXhZ/Xkjtt3WF9g38drmyRqQ==}
    engines: {node: '>=0.6'}
    dependencies:
      side-channel: 1.0.4
    dev: false

  /side-channel/1.0.4:
    resolution: {integrity: sha512-q5XPytqFEIKHkGdiMIrY10mvLRvnQh42/+GoBlFW3b2LXLE2xxJpZFdm94we0BaoV3RwJyGqg5wS7epxTv0Zvw==}
    dependencies:
      call-bind: 1.0.2
      get-intrinsic: 1.1.1
      object-inspect: 1.12.0
    dev: false

  /vue-demi/0.12.5:
    resolution: {integrity: sha512-BREuTgTYlUr0zw0EZn3hnhC3I6gPWv+Kwh4MCih6QcAeaTlaIX0DwOVN0wHej7hSvDPecz4jygy/idsgKfW58Q==}
    engines: {node: '>=12'}
    hasBin: true
    requiresBuild: true
    peerDependencies:
      '@vue/composition-api': ^1.0.0-rc.1
      vue: ^3.0.0-0 || ^2.6.0
    peerDependenciesMeta:
      '@vue/composition-api':
        optional: true
    dev: false
